
Microsoft Visual Studio Solution File, Format Version 12.00
# Visual Studio Version 17
VisualStudioVersion = 17.5.002.0
MinimumVisualStudioVersion = 10.0.40219.1
Project("{9A19103F-16F7-4668-BE54-9A1E7A4F7556}") = "DeleteWebapi", "DeleteWebapi.csproj", "{5925B976-7A4F-4D56-8C64-15EF5C262AF0}"
EndProject
Global
	GlobalSection(SolutionConfigurationPlatforms) = preSolution
		Debug|Any CPU = Debug|Any CPU
		Release|Any CPU = Release|Any CPU
	EndGlobalSection
	GlobalSection(ProjectConfigurationPlatforms) = postSolution
		{5925B976-7A4F-4D56-8C64-15EF5C262AF0}.Debug|Any CPU.ActiveCfg = Debug|Any CPU
		{5925B976-7A4F-4D56-8C64-15EF5C262AF0}.Debug|Any CPU.Build.0 = Debug|Any CPU
		{5925B976-7A4F-4D56-8C64-15EF5C262AF0}.Release|Any CPU.ActiveCfg = Release|Any CPU
		{5925B976-7A4F-4D56-8C64-15EF5C262AF0}.Release|Any CPU.Build.0 = Release|Any CPU
	EndGlobalSection
	GlobalSection(SolutionProperties) = preSolution
		HideSolutionNode = FALSE
	EndGlobalSection
	GlobalSection(ExtensibilityGlobals) = postSolution
		SolutionGuid = {23D8ECB1-F8BA-473F-8562-85AA4C3A155C}
	EndGlobalSection
EndGlobal
